
Microsoft Visual Studio Solution File, Format Version 11.00
# Visual Studio 2010
# SharpDevelop 4.4
Project("{FD48973F-F585-4F70-812B-4D0503B36CE9}") = "Prog152a", "Prog152a\Prog152a.pyproj", "{840E76A7-A5F4-4D6D-A587-6ECF6BB39F9A}"
EndProject
Global
	GlobalSection(SolutionConfigurationPlatforms) = preSolution
		Debug|Any CPU = Debug|Any CPU
		Release|Any CPU = Release|Any CPU
	EndGlobalSection
	GlobalSection(ProjectConfigurationPlatforms) = postSolution
		{840E76A7-A5F4-4D6D-A587-6ECF6BB39F9A}.Debug|Any CPU.Build.0 = Debug|Any CPU
		{840E76A7-A5F4-4D6D-A587-6ECF6BB39F9A}.Debug|Any CPU.ActiveCfg = Debug|Any CPU
		{840E76A7-A5F4-4D6D-A587-6ECF6BB39F9A}.Release|Any CPU.Build.0 = Release|Any CPU
		{840E76A7-A5F4-4D6D-A587-6ECF6BB39F9A}.Release|Any CPU.ActiveCfg = Release|Any CPU
	EndGlobalSection
EndGlobal
