
Microsoft Visual Studio Solution File, Format Version 11.00
# Visual Studio 2010
# SharpDevelop 4.4
Project("{FD48973F-F585-4F70-812B-4D0503B36CE9}") = "Lang54a", "Lang54a\Lang54a.pyproj", "{5769B241-4D76-4647-98A2-83E08F8A7037}"
EndProject
Global
	GlobalSection(SolutionConfigurationPlatforms) = preSolution
		Debug|Any CPU = Debug|Any CPU
		Release|Any CPU = Release|Any CPU
	EndGlobalSection
	GlobalSection(ProjectConfigurationPlatforms) = postSolution
		{5769B241-4D76-4647-98A2-83E08F8A7037}.Debug|Any CPU.Build.0 = Debug|Any CPU
		{5769B241-4D76-4647-98A2-83E08F8A7037}.Debug|Any CPU.ActiveCfg = Debug|Any CPU
		{5769B241-4D76-4647-98A2-83E08F8A7037}.Release|Any CPU.Build.0 = Release|Any CPU
		{5769B241-4D76-4647-98A2-83E08F8A7037}.Release|Any CPU.ActiveCfg = Release|Any CPU
	EndGlobalSection
EndGlobal
