
Microsoft Visual Studio Solution File, Format Version 11.00
# Visual Studio 2010
# SharpDevelop 4.4
Project("{FD48973F-F585-4F70-812B-4D0503B36CE9}") = "HelloWorld", "HelloWorld\HelloWorld.pyproj", "{9FBA1ED7-F4A4-4894-9C7D-B9EA184E69AD}"
EndProject
Global
	GlobalSection(SolutionConfigurationPlatforms) = preSolution
		Debug|Any CPU = Debug|Any CPU
		Release|Any CPU = Release|Any CPU
	EndGlobalSection
	GlobalSection(ProjectConfigurationPlatforms) = postSolution
		{9FBA1ED7-F4A4-4894-9C7D-B9EA184E69AD}.Debug|Any CPU.Build.0 = Debug|Any CPU
		{9FBA1ED7-F4A4-4894-9C7D-B9EA184E69AD}.Debug|Any CPU.ActiveCfg = Debug|Any CPU
		{9FBA1ED7-F4A4-4894-9C7D-B9EA184E69AD}.Release|Any CPU.Build.0 = Release|Any CPU
		{9FBA1ED7-F4A4-4894-9C7D-B9EA184E69AD}.Release|Any CPU.ActiveCfg = Release|Any CPU
	EndGlobalSection
EndGlobal
