
Microsoft Visual Studio Solution File, Format Version 11.00
# Visual Studio 2010
# SharpDevelop 4.4
Project("{FD48973F-F585-4F70-812B-4D0503B36CE9}") = "Prog122c", "Prog122c\Prog122c.pyproj", "{D425763B-8119-4607-A792-0C460F20C1FB}"
EndProject
Global
	GlobalSection(SolutionConfigurationPlatforms) = preSolution
		Debug|Any CPU = Debug|Any CPU
		Release|Any CPU = Release|Any CPU
	EndGlobalSection
	GlobalSection(ProjectConfigurationPlatforms) = postSolution
		{D425763B-8119-4607-A792-0C460F20C1FB}.Debug|Any CPU.Build.0 = Debug|Any CPU
		{D425763B-8119-4607-A792-0C460F20C1FB}.Debug|Any CPU.ActiveCfg = Debug|Any CPU
		{D425763B-8119-4607-A792-0C460F20C1FB}.Release|Any CPU.Build.0 = Release|Any CPU
		{D425763B-8119-4607-A792-0C460F20C1FB}.Release|Any CPU.ActiveCfg = Release|Any CPU
	EndGlobalSection
EndGlobal
