
Microsoft Visual Studio Solution File, Format Version 11.00
# Visual Studio 2010
# SharpDevelop 4.4
Project("{FD48973F-F585-4F70-812B-4D0503B36CE9}") = "Lang93a", "Lang93a\Lang93a.pyproj", "{C1B116ED-D7A1-4780-A87D-E7A09A647786}"
EndProject
Global
	GlobalSection(SolutionConfigurationPlatforms) = preSolution
		Debug|Any CPU = Debug|Any CPU
		Release|Any CPU = Release|Any CPU
	EndGlobalSection
	GlobalSection(ProjectConfigurationPlatforms) = postSolution
		{C1B116ED-D7A1-4780-A87D-E7A09A647786}.Debug|Any CPU.Build.0 = Debug|Any CPU
		{C1B116ED-D7A1-4780-A87D-E7A09A647786}.Debug|Any CPU.ActiveCfg = Debug|Any CPU
		{C1B116ED-D7A1-4780-A87D-E7A09A647786}.Release|Any CPU.Build.0 = Release|Any CPU
		{C1B116ED-D7A1-4780-A87D-E7A09A647786}.Release|Any CPU.ActiveCfg = Release|Any CPU
	EndGlobalSection
EndGlobal
