
Microsoft Visual Studio Solution File, Format Version 11.00
# Visual Studio 2010
# SharpDevelop 4.4
Project("{FD48973F-F585-4F70-812B-4D0503B36CE9}") = "Lang58b", "Lang58b\Lang58b.pyproj", "{113523CF-8224-482B-B51F-F532CE09325A}"
EndProject
Global
	GlobalSection(SolutionConfigurationPlatforms) = preSolution
		Debug|Any CPU = Debug|Any CPU
		Release|Any CPU = Release|Any CPU
	EndGlobalSection
	GlobalSection(ProjectConfigurationPlatforms) = postSolution
		{113523CF-8224-482B-B51F-F532CE09325A}.Debug|Any CPU.Build.0 = Debug|Any CPU
		{113523CF-8224-482B-B51F-F532CE09325A}.Debug|Any CPU.ActiveCfg = Debug|Any CPU
		{113523CF-8224-482B-B51F-F532CE09325A}.Release|Any CPU.Build.0 = Release|Any CPU
		{113523CF-8224-482B-B51F-F532CE09325A}.Release|Any CPU.ActiveCfg = Release|Any CPU
	EndGlobalSection
EndGlobal
