
Microsoft Visual Studio Solution File, Format Version 11.00
# Visual Studio 2010
# SharpDevelop 4.4
Project("{FD48973F-F585-4F70-812B-4D0503B36CE9}") = "Pg247Radio", "Pg247Radio\Pg247Radio.pyproj", "{CC3F063D-9746-4861-82B7-130B2313E096}"
EndProject
Global
	GlobalSection(SolutionConfigurationPlatforms) = preSolution
		Debug|Any CPU = Debug|Any CPU
		Release|Any CPU = Release|Any CPU
	EndGlobalSection
	GlobalSection(ProjectConfigurationPlatforms) = postSolution
		{CC3F063D-9746-4861-82B7-130B2313E096}.Debug|Any CPU.Build.0 = Debug|Any CPU
		{CC3F063D-9746-4861-82B7-130B2313E096}.Debug|Any CPU.ActiveCfg = Debug|Any CPU
		{CC3F063D-9746-4861-82B7-130B2313E096}.Release|Any CPU.Build.0 = Release|Any CPU
		{CC3F063D-9746-4861-82B7-130B2313E096}.Release|Any CPU.ActiveCfg = Release|Any CPU
	EndGlobalSection
EndGlobal
