
Microsoft Visual Studio Solution File, Format Version 11.00
# Visual Studio 2010
# SharpDevelop 4.4
Project("{FD48973F-F585-4F70-812B-4D0503B36CE9}") = "Lang54b", "Lang54b\Lang54b.pyproj", "{D5C05F1A-C0CF-40C5-9F98-32C7EF914CF8}"
EndProject
Global
	GlobalSection(SolutionConfigurationPlatforms) = preSolution
		Debug|Any CPU = Debug|Any CPU
		Release|Any CPU = Release|Any CPU
	EndGlobalSection
	GlobalSection(ProjectConfigurationPlatforms) = postSolution
		{D5C05F1A-C0CF-40C5-9F98-32C7EF914CF8}.Debug|Any CPU.Build.0 = Debug|Any CPU
		{D5C05F1A-C0CF-40C5-9F98-32C7EF914CF8}.Debug|Any CPU.ActiveCfg = Debug|Any CPU
		{D5C05F1A-C0CF-40C5-9F98-32C7EF914CF8}.Release|Any CPU.Build.0 = Release|Any CPU
		{D5C05F1A-C0CF-40C5-9F98-32C7EF914CF8}.Release|Any CPU.ActiveCfg = Release|Any CPU
	EndGlobalSection
EndGlobal
