
Microsoft Visual Studio Solution File, Format Version 11.00
# Visual Studio 2010
# SharpDevelop 4.4
Project("{FD48973F-F585-4F70-812B-4D0503B36CE9}") = "Pong", "Pong\Pong.pyproj", "{1CCDA9E2-E032-4666-BDE2-C29A1AD84828}"
EndProject
Global
	GlobalSection(SolutionConfigurationPlatforms) = preSolution
		Debug|Any CPU = Debug|Any CPU
		Release|Any CPU = Release|Any CPU
	EndGlobalSection
	GlobalSection(ProjectConfigurationPlatforms) = postSolution
		{1CCDA9E2-E032-4666-BDE2-C29A1AD84828}.Debug|Any CPU.Build.0 = Debug|Any CPU
		{1CCDA9E2-E032-4666-BDE2-C29A1AD84828}.Debug|Any CPU.ActiveCfg = Debug|Any CPU
		{1CCDA9E2-E032-4666-BDE2-C29A1AD84828}.Release|Any CPU.Build.0 = Release|Any CPU
		{1CCDA9E2-E032-4666-BDE2-C29A1AD84828}.Release|Any CPU.ActiveCfg = Release|Any CPU
	EndGlobalSection
EndGlobal
